
Microsoft Visual Studio Solution File, Format Version 12.00
# Visual Studio 14
VisualStudioVersion = 14.0.23107.0
MinimumVisualStudioVersion = 10.0.40219.1
Project("{FAE04EC0-301F-11D3-BF4B-00C04F79EFBC}") = "Cambio.Droid", "Cambio\Cambio.Droid\Cambio.Droid.csproj", "{1B064720-D51B-4B38-91ED-8BC1E91BE3C0}"
EndProject
Project("{FAE04EC0-301F-11D3-BF4B-00C04F79EFBC}") = "Cambio.iOS", "Cambio\Cambio.iOS\Cambio.iOS.csproj", "{F0494C53-0CF2-45E1-AAD4-9953BBD0DE2E}"
EndProject
Project("{FAE04EC0-301F-11D3-BF4B-00C04F79EFBC}") = "Cambio.WinPhone", "Cambio\Cambio.WinPhone\Cambio.WinPhone.csproj", "{8531F018-2CBE-4F06-A5DA-2C9D31F97C55}"
EndProject
Project("{FAE04EC0-301F-11D3-BF4B-00C04F79EFBC}") = "Cambio.Windows", "Cambio\Cambio.Windows\Cambio.Windows.csproj", "{5CDA31F3-A38E-4752-85E8-3CA1CB5A35FF}"
EndProject
Project("{FAE04EC0-301F-11D3-BF4B-00C04F79EFBC}") = "Cambio", "Cambio\Cambio\Cambio.csproj", "{2DF9D102-A919-468E-940E-E650F99F572F}"
EndProject
Global
	GlobalSection(SolutionConfigurationPlatforms) = preSolution
		Ad-Hoc|Any CPU = Ad-Hoc|Any CPU
		Ad-Hoc|ARM = Ad-Hoc|ARM
		Ad-Hoc|iPhone = Ad-Hoc|iPhone
		Ad-Hoc|iPhoneSimulator = Ad-Hoc|iPhoneSimulator
		Ad-Hoc|x64 = Ad-Hoc|x64
		Ad-Hoc|x86 = Ad-Hoc|x86
		AppStore|Any CPU = AppStore|Any CPU
		AppStore|ARM = AppStore|ARM
		AppStore|iPhone = AppStore|iPhone
		AppStore|iPhoneSimulator = AppStore|iPhoneSimulator
		AppStore|x64 = AppStore|x64
		AppStore|x86 = AppStore|x86
		Debug|Any CPU = Debug|Any CPU
		Debug|ARM = Debug|ARM
		Debug|iPhone = Debug|iPhone
		Debug|iPhoneSimulator = Debug|iPhoneSimulator
		Debug|x64 = Debug|x64
		Debug|x86 = Debug|x86
		Release|Any CPU = Release|Any CPU
		Release|ARM = Release|ARM
		Release|iPhone = Release|iPhone
		Release|iPhoneSimulator = Release|iPhoneSimulator
		Release|x64 = Release|x64
		Release|x86 = Release|x86
	EndGlobalSection
	GlobalSection(ProjectConfigurationPlatforms) = postSolution
		{1B064720-D51B-4B38-91ED-8BC1E91BE3C0}.Ad-Hoc|Any CPU.ActiveCfg = Release|Any CPU
		{1B064720-D51B-4B38-91ED-8BC1E91BE3C0}.Ad-Hoc|Any CPU.Build.0 = Release|Any CPU
		{1B064720-D51B-4B38-91ED-8BC1E91BE3C0}.Ad-Hoc|Any CPU.Deploy.0 = Release|Any CPU
		{1B064720-D51B-4B38-91ED-8BC1E91BE3C0}.Ad-Hoc|ARM.ActiveCfg = Release|Any CPU
		{1B064720-D51B-4B38-91ED-8BC1E91BE3C0}.Ad-Hoc|ARM.Build.0 = Release|Any CPU
		{1B064720-D51B-4B38-91ED-8BC1E91BE3C0}.Ad-Hoc|ARM.Deploy.0 = Release|Any CPU
		{1B064720-D51B-4B38-91ED-8BC1E91BE3C0}.Ad-Hoc|iPhone.ActiveCfg = Release|Any CPU
		{1B064720-D51B-4B38-91ED-8BC1E91BE3C0}.Ad-Hoc|iPhone.Build.0 = Release|Any CPU
		{1B064720-D51B-4B38-91ED-8BC1E91BE3C0}.Ad-Hoc|iPhone.Deploy.0 = Release|Any CPU
		{1B064720-D51B-4B38-91ED-8BC1E91BE3C0}.Ad-Hoc|iPhoneSimulator.ActiveCfg = Release|Any CPU
		{1B064720-D51B-4B38-91ED-8BC1E91BE3C0}.Ad-Hoc|iPhoneSimulator.Build.0 = Release|Any CPU
		{1B064720-D51B-4B38-91ED-8BC1E91BE3C0}.Ad-Hoc|iPhoneSimulator.Deploy.0 = Release|Any CPU
		{1B064720-D51B-4B38-91ED-8BC1E91BE3C0}.Ad-Hoc|x64.ActiveCfg = Release|Any CPU
		{1B064720-D51B-4B38-91ED-8BC1E91BE3C0}.Ad-Hoc|x64.Build.0 = Release|Any CPU
		{1B064720-D51B-4B38-91ED-8BC1E91BE3C0}.Ad-Hoc|x64.Deploy.0 = Release|Any CPU
		{1B064720-D51B-4B38-91ED-8BC1E91BE3C0}.Ad-Hoc|x86.ActiveCfg = Release|Any CPU
		{1B064720-D51B-4B38-91ED-8BC1E91BE3C0}.Ad-Hoc|x86.Build.0 = Release|Any CPU
		{1B064720-D51B-4B38-91ED-8BC1E91BE3C0}.Ad-Hoc|x86.Deploy.0 = Release|Any CPU
		{1B064720-D51B-4B38-91ED-8BC1E91BE3C0}.AppStore|Any CPU.ActiveCfg = Release|Any CPU
		{1B064720-D51B-4B38-91ED-8BC1E91BE3C0}.AppStore|Any CPU.Build.0 = Release|Any CPU
		{1B064720-D51B-4B38-91ED-8BC1E91BE3C0}.AppStore|Any CPU.Deploy.0 = Release|Any CPU
		{1B064720-D51B-4B38-91ED-8BC1E91BE3C0}.AppStore|ARM.ActiveCfg = Release|Any CPU
		{1B064720-D51B-4B38-91ED-8BC1E91BE3C0}.AppStore|ARM.Build.0 = Release|Any CPU
		{1B064720-D51B-4B38-91ED-8BC1E91BE3C0}.AppStore|ARM.Deploy.0 = Release|Any CPU
		{1B064720-D51B-4B38-91ED-8BC1E91BE3C0}.AppStore|iPhone.ActiveCfg = Release|Any CPU
		{1B064720-D51B-4B38-91ED-8BC1E91BE3C0}.AppStore|iPhone.Build.0 = Release|Any CPU
		{1B064720-D51B-4B38-91ED-8BC1E91BE3C0}.AppStore|iPhone.Deploy.0 = Release|Any CPU
		{1B064720-D51B-4B38-91ED-8BC1E91BE3C0}.AppStore|iPhoneSimulator.ActiveCfg = Release|Any CPU
		{1B064720-D51B-4B38-91ED-8BC1E91BE3C0}.AppStore|iPhoneSimulator.Build.0 = Release|Any CPU
		{1B064720-D51B-4B38-91ED-8BC1E91BE3C0}.AppStore|iPhoneSimulator.Deploy.0 = Release|Any CPU
		{1B064720-D51B-4B38-91ED-8BC1E91BE3C0}.AppStore|x64.ActiveCfg = Release|Any CPU
		{1B064720-D51B-4B38-91ED-8BC1E91BE3C0}.AppStore|x64.Build.0 = Release|Any CPU
		{1B064720-D51B-4B38-91ED-8BC1E91BE3C0}.AppStore|x64.Deploy.0 = Release|Any CPU
		{1B064720-D51B-4B38-91ED-8BC1E91BE3C0}.AppStore|x86.ActiveCfg = Release|Any CPU
		{1B064720-D51B-4B38-91ED-8BC1E91BE3C0}.AppStore|x86.Build.0 = Release|Any CPU
		{1B064720-D51B-4B38-91ED-8BC1E91BE3C0}.AppStore|x86.Deploy.0 = Release|Any CPU
		{1B064720-D51B-4B38-91ED-8BC1E91BE3C0}.Debug|Any CPU.ActiveCfg = Debug|Any CPU
		{1B064720-D51B-4B38-91ED-8BC1E91BE3C0}.Debug|Any CPU.Build.0 = Debug|Any CPU
		{1B064720-D51B-4B38-91ED-8BC1E91BE3C0}.Debug|Any CPU.Deploy.0 = Debug|Any CPU
		{1B064720-D51B-4B38-91ED-8BC1E91BE3C0}.Debug|ARM.ActiveCfg = Debug|Any CPU
		{1B064720-D51B-4B38-91ED-8BC1E91BE3C0}.Debug|ARM.Build.0 = Debug|Any CPU
		{1B064720-D51B-4B38-91ED-8BC1E91BE3C0}.Debug|ARM.Deploy.0 = Debug|Any CPU
		{1B064720-D51B-4B38-91ED-8BC1E91BE3C0}.Debug|iPhone.ActiveCfg = Debug|Any CPU
		{1B064720-D51B-4B38-91ED-8BC1E91BE3C0}.Debug|iPhone.Build.0 = Debug|Any CPU
		{1B064720-D51B-4B38-91ED-8BC1E91BE3C0}.Debug|iPhone.Deploy.0 = Debug|Any CPU
		{1B064720-D51B-4B38-91ED-8BC1E91BE3C0}.Debug|iPhoneSimulator.ActiveCfg = Debug|Any CPU
		{1B064720-D51B-4B38-91ED-8BC1E91BE3C0}.Debug|iPhoneSimulator.Build.0 = Debug|Any CPU
		{1B064720-D51B-4B38-91ED-8BC1E91BE3C0}.Debug|iPhoneSimulator.Deploy.0 = Debug|Any CPU
		{1B064720-D51B-4B38-91ED-8BC1E91BE3C0}.Debug|x64.ActiveCfg = Debug|Any CPU
		{1B064720-D51B-4B38-91ED-8BC1E91BE3C0}.Debug|x64.Build.0 = Debug|Any CPU
		{1B064720-D51B-4B38-91ED-8BC1E91BE3C0}.Debug|x64.Deploy.0 = Debug|Any CPU
		{1B064720-D51B-4B38-91ED-8BC1E91BE3C0}.Debug|x86.ActiveCfg = Debug|Any CPU
		{1B064720-D51B-4B38-91ED-8BC1E91BE3C0}.Debug|x86.Build.0 = Debug|Any CPU
		{1B064720-D51B-4B38-91ED-8BC1E91BE3C0}.Debug|x86.Deploy.0 = Debug|Any CPU
		{1B064720-D51B-4B38-91ED-8BC1E91BE3C0}.Release|Any CPU.ActiveCfg = Release|Any CPU
		{1B064720-D51B-4B38-91ED-8BC1E91BE3C0}.Release|Any CPU.Build.0 = Release|Any CPU
		{1B064720-D51B-4B38-91ED-8BC1E91BE3C0}.Release|Any CPU.Deploy.0 = Release|Any CPU
		{1B064720-D51B-4B38-91ED-8BC1E91BE3C0}.Release|ARM.ActiveCfg = Release|Any CPU
		{1B064720-D51B-4B38-91ED-8BC1E91BE3C0}.Release|ARM.Build.0 = Release|Any CPU
		{1B064720-D51B-4B38-91ED-8BC1E91BE3C0}.Release|ARM.Deploy.0 = Release|Any CPU
		{1B064720-D51B-4B38-91ED-8BC1E91BE3C0}.Release|iPhone.ActiveCfg = Release|Any CPU
		{1B064720-D51B-4B38-91ED-8BC1E91BE3C0}.Release|iPhone.Build.0 = Release|Any CPU
		{1B064720-D51B-4B38-91ED-8BC1E91BE3C0}.Release|iPhone.Deploy.0 = Release|Any CPU
		{1B064720-D51B-4B38-91ED-8BC1E91BE3C0}.Release|iPhoneSimulator.ActiveCfg = Release|Any CPU
		{1B064720-D51B-4B38-91ED-8BC1E91BE3C0}.Release|iPhoneSimulator.Build.0 = Release|Any CPU
		{1B064720-D51B-4B38-91ED-8BC1E91BE3C0}.Release|iPhoneSimulator.Deploy.0 = Release|Any CPU
		{1B064720-D51B-4B38-91ED-8BC1E91BE3C0}.Release|x64.ActiveCfg = Release|Any CPU
		{1B064720-D51B-4B38-91ED-8BC1E91BE3C0}.Release|x64.Build.0 = Release|Any CPU
		{1B064720-D51B-4B38-91ED-8BC1E91BE3C0}.Release|x64.Deploy.0 = Release|Any CPU
		{1B064720-D51B-4B38-91ED-8BC1E91BE3C0}.Release|x86.ActiveCfg = Release|Any CPU
		{1B064720-D51B-4B38-91ED-8BC1E91BE3C0}.Release|x86.Build.0 = Release|Any CPU
		{1B064720-D51B-4B38-91ED-8BC1E91BE3C0}.Release|x86.Deploy.0 = Release|Any CPU
		{F0494C53-0CF2-45E1-AAD4-9953BBD0DE2E}.Ad-Hoc|Any CPU.ActiveCfg = Ad-Hoc|iPhone
		{F0494C53-0CF2-45E1-AAD4-9953BBD0DE2E}.Ad-Hoc|ARM.ActiveCfg = Ad-Hoc|iPhone
		{F0494C53-0CF2-45E1-AAD4-9953BBD0DE2E}.Ad-Hoc|iPhone.ActiveCfg = Ad-Hoc|iPhone
		{F0494C53-0CF2-45E1-AAD4-9953BBD0DE2E}.Ad-Hoc|iPhone.Build.0 = Ad-Hoc|iPhone
		{F0494C53-0CF2-45E1-AAD4-9953BBD0DE2E}.Ad-Hoc|iPhoneSimulator.ActiveCfg = Ad-Hoc|iPhoneSimulator
		{F0494C53-0CF2-45E1-AAD4-9953BBD0DE2E}.Ad-Hoc|iPhoneSimulator.Build.0 = Ad-Hoc|iPhoneSimulator
		{F0494C53-0CF2-45E1-AAD4-9953BBD0DE2E}.Ad-Hoc|x64.ActiveCfg = Ad-Hoc|iPhone
		{F0494C53-0CF2-45E1-AAD4-9953BBD0DE2E}.Ad-Hoc|x86.ActiveCfg = Ad-Hoc|iPhone
		{F0494C53-0CF2-45E1-AAD4-9953BBD0DE2E}.AppStore|Any CPU.ActiveCfg = AppStore|iPhone
		{F0494C53-0CF2-45E1-AAD4-9953BBD0DE2E}.AppStore|ARM.ActiveCfg = AppStore|iPhone
		{F0494C53-0CF2-45E1-AAD4-9953BBD0DE2E}.AppStore|iPhone.ActiveCfg = AppStore|iPhone
		{F0494C53-0CF2-45E1-AAD4-9953BBD0DE2E}.AppStore|iPhone.Build.0 = AppStore|iPhone
		{F0494C53-0CF2-45E1-AAD4-9953BBD0DE2E}.AppStore|iPhoneSimulator.ActiveCfg = AppStore|iPhoneSimulator
		{F0494C53-0CF2-45E1-AAD4-9953BBD0DE2E}.AppStore|iPhoneSimulator.Build.0 = AppStore|iPhoneSimulator
		{F0494C53-0CF2-45E1-AAD4-9953BBD0DE2E}.AppStore|x64.ActiveCfg = AppStore|iPhone
		{F0494C53-0CF2-45E1-AAD4-9953BBD0DE2E}.AppStore|x86.ActiveCfg = AppStore|iPhone
		{F0494C53-0CF2-45E1-AAD4-9953BBD0DE2E}.Debug|Any CPU.ActiveCfg = Debug|iPhone
		{F0494C53-0CF2-45E1-AAD4-9953BBD0DE2E}.Debug|ARM.ActiveCfg = Debug|iPhone
		{F0494C53-0CF2-45E1-AAD4-9953BBD0DE2E}.Debug|iPhone.ActiveCfg = Debug|iPhone
		{F0494C53-0CF2-45E1-AAD4-9953BBD0DE2E}.Debug|iPhone.Build.0 = Debug|iPhone
		{F0494C53-0CF2-45E1-AAD4-9953BBD0DE2E}.Debug|iPhoneSimulator.ActiveCfg = Debug|iPhoneSimulator
		{F0494C53-0CF2-45E1-AAD4-9953BBD0DE2E}.Debug|iPhoneSimulator.Build.0 = Debug|iPhoneSimulator
		{F0494C53-0CF2-45E1-AAD4-9953BBD0DE2E}.Debug|x64.ActiveCfg = Debug|iPhone
		{F0494C53-0CF2-45E1-AAD4-9953BBD0DE2E}.Debug|x86.ActiveCfg = Debug|iPhone
		{F0494C53-0CF2-45E1-AAD4-9953BBD0DE2E}.Release|Any CPU.ActiveCfg = Release|iPhone
		{F0494C53-0CF2-45E1-AAD4-9953BBD0DE2E}.Release|ARM.ActiveCfg = Release|iPhone
		{F0494C53-0CF2-45E1-AAD4-9953BBD0DE2E}.Release|iPhone.ActiveCfg = Release|iPhone
		{F0494C53-0CF2-45E1-AAD4-9953BBD0DE2E}.Release|iPhone.Build.0 = Release|iPhone
		{F0494C53-0CF2-45E1-AAD4-9953BBD0DE2E}.Release|iPhoneSimulator.ActiveCfg = Release|iPhoneSimulator
		{F0494C53-0CF2-45E1-AAD4-9953BBD0DE2E}.Release|iPhoneSimulator.Build.0 = Release|iPhoneSimulator
		{F0494C53-0CF2-45E1-AAD4-9953BBD0DE2E}.Release|x64.ActiveCfg = Release|iPhone
		{F0494C53-0CF2-45E1-AAD4-9953BBD0DE2E}.Release|x86.ActiveCfg = Release|iPhone
		{8531F018-2CBE-4F06-A5DA-2C9D31F97C55}.Ad-Hoc|Any CPU.ActiveCfg = Release|Any CPU
		{8531F018-2CBE-4F06-A5DA-2C9D31F97C55}.Ad-Hoc|Any CPU.Build.0 = Release|Any CPU
		{8531F018-2CBE-4F06-A5DA-2C9D31F97C55}.Ad-Hoc|Any CPU.Deploy.0 = Release|Any CPU
		{8531F018-2CBE-4F06-A5DA-2C9D31F97C55}.Ad-Hoc|ARM.ActiveCfg = Release|ARM
		{8531F018-2CBE-4F06-A5DA-2C9D31F97C55}.Ad-Hoc|ARM.Build.0 = Release|ARM
		{8531F018-2CBE-4F06-A5DA-2C9D31F97C55}.Ad-Hoc|ARM.Deploy.0 = Release|ARM
		{8531F018-2CBE-4F06-A5DA-2C9D31F97C55}.Ad-Hoc|iPhone.ActiveCfg = Release|Any CPU
		{8531F018-2CBE-4F06-A5DA-2C9D31F97C55}.Ad-Hoc|iPhone.Build.0 = Release|Any CPU
		{8531F018-2CBE-4F06-A5DA-2C9D31F97C55}.Ad-Hoc|iPhone.Deploy.0 = Release|Any CPU
		{8531F018-2CBE-4F06-A5DA-2C9D31F97C55}.Ad-Hoc|iPhoneSimulator.ActiveCfg = Release|Any CPU
		{8531F018-2CBE-4F06-A5DA-2C9D31F97C55}.Ad-Hoc|iPhoneSimulator.Build.0 = Release|Any CPU
		{8531F018-2CBE-4F06-A5DA-2C9D31F97C55}.Ad-Hoc|iPhoneSimulator.Deploy.0 = Release|Any CPU
		{8531F018-2CBE-4F06-A5DA-2C9D31F97C55}.Ad-Hoc|x64.ActiveCfg = Release|Any CPU
		{8531F018-2CBE-4F06-A5DA-2C9D31F97C55}.Ad-Hoc|x64.Build.0 = Release|Any CPU
		{8531F018-2CBE-4F06-A5DA-2C9D31F97C55}.Ad-Hoc|x64.Deploy.0 = Release|Any CPU
		{8531F018-2CBE-4F06-A5DA-2C9D31F97C55}.Ad-Hoc|x86.ActiveCfg = Release|x86
		{8531F018-2CBE-4F06-A5DA-2C9D31F97C55}.Ad-Hoc|x86.Build.0 = Release|x86
		{8531F018-2CBE-4F06-A5DA-2C9D31F97C55}.Ad-Hoc|x86.Deploy.0 = Release|x86
		{8531F018-2CBE-4F06-A5DA-2C9D31F97C55}.AppStore|Any CPU.ActiveCfg = Release|Any CPU
		{8531F018-2CBE-4F06-A5DA-2C9D31F97C55}.AppStore|Any CPU.Build.0 = Release|Any CPU
		{8531F018-2CBE-4F06-A5DA-2C9D31F97C55}.AppStore|Any CPU.Deploy.0 = Release|Any CPU
		{8531F018-2CBE-4F06-A5DA-2C9D31F97C55}.AppStore|ARM.ActiveCfg = Release|ARM
		{8531F018-2CBE-4F06-A5DA-2C9D31F97C55}.AppStore|ARM.Build.0 = Release|ARM
		{8531F018-2CBE-4F06-A5DA-2C9D31F97C55}.AppStore|ARM.Deploy.0 = Release|ARM
		{8531F018-2CBE-4F06-A5DA-2C9D31F97C55}.AppStore|iPhone.ActiveCfg = Release|Any CPU
		{8531F018-2CBE-4F06-A5DA-2C9D31F97C55}.AppStore|iPhone.Build.0 = Release|Any CPU
		{8531F018-2CBE-4F06-A5DA-2C9D31F97C55}.AppStore|iPhone.Deploy.0 = Release|Any CPU
		{8531F018-2CBE-4F06-A5DA-2C9D31F97C55}.AppStore|iPhoneSimulator.ActiveCfg = Release|Any CPU
		{8531F018-2CBE-4F06-A5DA-2C9D31F97C55}.AppStore|iPhoneSimulator.Build.0 = Release|Any CPU
		{8531F018-2CBE-4F06-A5DA-2C9D31F97C55}.AppStore|iPhoneSimulator.Deploy.0 = Release|Any CPU
		{8531F018-2CBE-4F06-A5DA-2C9D31F97C55}.AppStore|x64.ActiveCfg = Release|Any CPU
		{8531F018-2CBE-4F06-A5DA-2C9D31F97C55}.AppStore|x64.Build.0 = Release|Any CPU
		{8531F018-2CBE-4F06-A5DA-2C9D31F97C55}.AppStore|x64.Deploy.0 = Release|Any CPU
		{8531F018-2CBE-4F06-A5DA-2C9D31F97C55}.AppStore|x86.ActiveCfg = Release|x86
		{8531F018-2CBE-4F06-A5DA-2C9D31F97C55}.AppStore|x86.Build.0 = Release|x86
		{8531F018-2CBE-4F06-A5DA-2C9D31F97C55}.AppStore|x86.Deploy.0 = Release|x86
		{8531F018-2CBE-4F06-A5DA-2C9D31F97C55}.Debug|Any CPU.ActiveCfg = Debug|Any CPU
		{8531F018-2CBE-4F06-A5DA-2C9D31F97C55}.Debug|Any CPU.Build.0 = Debug|Any CPU
		{8531F018-2CBE-4F06-A5DA-2C9D31F97C55}.Debug|Any CPU.Deploy.0 = Debug|Any CPU
		{8531F018-2CBE-4F06-A5DA-2C9D31F97C55}.Debug|ARM.ActiveCfg = Debug|ARM
		{8531F018-2CBE-4F06-A5DA-2C9D31F97C55}.Debug|ARM.Build.0 = Debug|ARM
		{8531F018-2CBE-4F06-A5DA-2C9D31F97C55}.Debug|ARM.Deploy.0 = Debug|ARM
		{8531F018-2CBE-4F06-A5DA-2C9D31F97C55}.Debug|iPhone.ActiveCfg = Debug|Any CPU
		{8531F018-2CBE-4F06-A5DA-2C9D31F97C55}.Debug|iPhone.Build.0 = Debug|Any CPU
		{8531F018-2CBE-4F06-A5DA-2C9D31F97C55}.Debug|iPhone.Deploy.0 = Debug|Any CPU
		{8531F018-2CBE-4F06-A5DA-2C9D31F97C55}.Debug|iPhoneSimulator.ActiveCfg = Debug|Any CPU
		{8531F018-2CBE-4F06-A5DA-2C9D31F97C55}.Debug|iPhoneSimulator.Build.0 = Debug|Any CPU
		{8531F018-2CBE-4F06-A5DA-2C9D31F97C55}.Debug|iPhoneSimulator.Deploy.0 = Debug|Any CPU
		{8531F018-2CBE-4F06-A5DA-2C9D31F97C55}.Debug|x64.ActiveCfg = Debug|Any CPU
		{8531F018-2CBE-4F06-A5DA-2C9D31F97C55}.Debug|x64.Build.0 = Debug|Any CPU
		{8531F018-2CBE-4F06-A5DA-2C9D31F97C55}.Debug|x64.Deploy.0 = Debug|Any CPU
		{8531F018-2CBE-4F06-A5DA-2C9D31F97C55}.Debug|x86.ActiveCfg = Debug|x86
		{8531F018-2CBE-4F06-A5DA-2C9D31F97C55}.Debug|x86.Build.0 = Debug|x86
		{8531F018-2CBE-4F06-A5DA-2C9D31F97C55}.Debug|x86.Deploy.0 = Debug|x86
		{8531F018-2CBE-4F06-A5DA-2C9D31F97C55}.Release|Any CPU.ActiveCfg = Release|Any CPU
		{8531F018-2CBE-4F06-A5DA-2C9D31F97C55}.Release|Any CPU.Build.0 = Release|Any CPU
		{8531F018-2CBE-4F06-A5DA-2C9D31F97C55}.Release|Any CPU.Deploy.0 = Release|Any CPU
		{8531F018-2CBE-4F06-A5DA-2C9D31F97C55}.Release|ARM.ActiveCfg = Release|ARM
		{8531F018-2CBE-4F06-A5DA-2C9D31F97C55}.Release|ARM.Build.0 = Release|ARM
		{8531F018-2CBE-4F06-A5DA-2C9D31F97C55}.Release|ARM.Deploy.0 = Release|ARM
		{8531F018-2CBE-4F06-A5DA-2C9D31F97C55}.Release|iPhone.ActiveCfg = Release|Any CPU
		{8531F018-2CBE-4F06-A5DA-2C9D31F97C55}.Release|iPhone.Build.0 = Release|Any CPU
		{8531F018-2CBE-4F06-A5DA-2C9D31F97C55}.Release|iPhone.Deploy.0 = Release|Any CPU
		{8531F018-2CBE-4F06-A5DA-2C9D31F97C55}.Release|iPhoneSimulator.ActiveCfg = Release|Any CPU
		{8531F018-2CBE-4F06-A5DA-2C9D31F97C55}.Release|iPhoneSimulator.Build.0 = Release|Any CPU
		{8531F018-2CBE-4F06-A5DA-2C9D31F97C55}.Release|iPhoneSimulator.Deploy.0 = Release|Any CPU
		{8531F018-2CBE-4F06-A5DA-2C9D31F97C55}.Release|x64.ActiveCfg = Release|Any CPU
		{8531F018-2CBE-4F06-A5DA-2C9D31F97C55}.Release|x64.Build.0 = Release|Any CPU
		{8531F018-2CBE-4F06-A5DA-2C9D31F97C55}.Release|x64.Deploy.0 = Release|Any CPU
		{8531F018-2CBE-4F06-A5DA-2C9D31F97C55}.Release|x86.ActiveCfg = Release|x86
		{8531F018-2CBE-4F06-A5DA-2C9D31F97C55}.Release|x86.Build.0 = Release|x86
		{8531F018-2CBE-4F06-A5DA-2C9D31F97C55}.Release|x86.Deploy.0 = Release|x86
		{5CDA31F3-A38E-4752-85E8-3CA1CB5A35FF}.Ad-Hoc|Any CPU.ActiveCfg = Release|Any CPU
		{5CDA31F3-A38E-4752-85E8-3CA1CB5A35FF}.Ad-Hoc|Any CPU.Build.0 = Release|Any CPU
		{5CDA31F3-A38E-4752-85E8-3CA1CB5A35FF}.Ad-Hoc|Any CPU.Deploy.0 = Release|Any CPU
		{5CDA31F3-A38E-4752-85E8-3CA1CB5A35FF}.Ad-Hoc|ARM.ActiveCfg = Release|ARM
		{5CDA31F3-A38E-4752-85E8-3CA1CB5A35FF}.Ad-Hoc|ARM.Build.0 = Release|ARM
		{5CDA31F3-A38E-4752-85E8-3CA1CB5A35FF}.Ad-Hoc|ARM.Deploy.0 = Release|ARM
		{5CDA31F3-A38E-4752-85E8-3CA1CB5A35FF}.Ad-Hoc|iPhone.ActiveCfg = Release|Any CPU
		{5CDA31F3-A38E-4752-85E8-3CA1CB5A35FF}.Ad-Hoc|iPhone.Build.0 = Release|Any CPU
		{5CDA31F3-A38E-4752-85E8-3CA1CB5A35FF}.Ad-Hoc|iPhone.Deploy.0 = Release|Any CPU
		{5CDA31F3-A38E-4752-85E8-3CA1CB5A35FF}.Ad-Hoc|iPhoneSimulator.ActiveCfg = Release|Any CPU
		{5CDA31F3-A38E-4752-85E8-3CA1CB5A35FF}.Ad-Hoc|iPhoneSimulator.Build.0 = Release|Any CPU
		{5CDA31F3-A38E-4752-85E8-3CA1CB5A35FF}.Ad-Hoc|iPhoneSimulator.Deploy.0 = Release|Any CPU
		{5CDA31F3-A38E-4752-85E8-3CA1CB5A35FF}.Ad-Hoc|x64.ActiveCfg = Release|x64
		{5CDA31F3-A38E-4752-85E8-3CA1CB5A35FF}.Ad-Hoc|x64.Build.0 = Release|x64
		{5CDA31F3-A38E-4752-85E8-3CA1CB5A35FF}.Ad-Hoc|x64.Deploy.0 = Release|x64
		{5CDA31F3-A38E-4752-85E8-3CA1CB5A35FF}.Ad-Hoc|x86.ActiveCfg = Release|x86
		{5CDA31F3-A38E-4752-85E8-3CA1CB5A35FF}.Ad-Hoc|x86.Build.0 = Release|x86
		{5CDA31F3-A38E-4752-85E8-3CA1CB5A35FF}.Ad-Hoc|x86.Deploy.0 = Release|x86
		{5CDA31F3-A38E-4752-85E8-3CA1CB5A35FF}.AppStore|Any CPU.ActiveCfg = Release|Any CPU
		{5CDA31F3-A38E-4752-85E8-3CA1CB5A35FF}.AppStore|Any CPU.Build.0 = Release|Any CPU
		{5CDA31F3-A38E-4752-85E8-3CA1CB5A35FF}.AppStore|Any CPU.Deploy.0 = Release|Any CPU
		{5CDA31F3-A38E-4752-85E8-3CA1CB5A35FF}.AppStore|ARM.ActiveCfg = Release|ARM
		{5CDA31F3-A38E-4752-85E8-3CA1CB5A35FF}.AppStore|ARM.Build.0 = Release|ARM
		{5CDA31F3-A38E-4752-85E8-3CA1CB5A35FF}.AppStore|ARM.Deploy.0 = Release|ARM
		{5CDA31F3-A38E-4752-85E8-3CA1CB5A35FF}.AppStore|iPhone.ActiveCfg = Release|Any CPU
		{5CDA31F3-A38E-4752-85E8-3CA1CB5A35FF}.AppStore|iPhone.Build.0 = Release|Any CPU
		{5CDA31F3-A38E-4752-85E8-3CA1CB5A35FF}.AppStore|iPhone.Deploy.0 = Release|Any CPU
		{5CDA31F3-A38E-4752-85E8-3CA1CB5A35FF}.AppStore|iPhoneSimulator.ActiveCfg = Release|Any CPU
		{5CDA31F3-A38E-4752-85E8-3CA1CB5A35FF}.AppStore|iPhoneSimulator.Build.0 = Release|Any CPU
		{5CDA31F3-A38E-4752-85E8-3CA1CB5A35FF}.AppStore|iPhoneSimulator.Deploy.0 = Release|Any CPU
		{5CDA31F3-A38E-4752-85E8-3CA1CB5A35FF}.AppStore|x64.ActiveCfg = Release|x64
		{5CDA31F3-A38E-4752-85E8-3CA1CB5A35FF}.AppStore|x64.Build.0 = Release|x64
		{5CDA31F3-A38E-4752-85E8-3CA1CB5A35FF}.AppStore|x64.Deploy.0 = Release|x64
		{5CDA31F3-A38E-4752-85E8-3CA1CB5A35FF}.AppStore|x86.ActiveCfg = Release|x86
		{5CDA31F3-A38E-4752-85E8-3CA1CB5A35FF}.AppStore|x86.Build.0 = Release|x86
		{5CDA31F3-A38E-4752-85E8-3CA1CB5A35FF}.AppStore|x86.Deploy.0 = Release|x86
		{5CDA31F3-A38E-4752-85E8-3CA1CB5A35FF}.Debug|Any CPU.ActiveCfg = Debug|Any CPU
		{5CDA31F3-A38E-4752-85E8-3CA1CB5A35FF}.Debug|Any CPU.Build.0 = Debug|Any CPU
		{5CDA31F3-A38E-4752-85E8-3CA1CB5A35FF}.Debug|Any CPU.Deploy.0 = Debug|Any CPU
		{5CDA31F3-A38E-4752-85E8-3CA1CB5A35FF}.Debug|ARM.ActiveCfg = Debug|ARM
		{5CDA31F3-A38E-4752-85E8-3CA1CB5A35FF}.Debug|ARM.Build.0 = Debug|ARM
		{5CDA31F3-A38E-4752-85E8-3CA1CB5A35FF}.Debug|ARM.Deploy.0 = Debug|ARM
		{5CDA31F3-A38E-4752-85E8-3CA1CB5A35FF}.Debug|iPhone.ActiveCfg = Debug|Any CPU
		{5CDA31F3-A38E-4752-85E8-3CA1CB5A35FF}.Debug|iPhone.Build.0 = Debug|Any CPU
		{5CDA31F3-A38E-4752-85E8-3CA1CB5A35FF}.Debug|iPhone.Deploy.0 = Debug|Any CPU
		{5CDA31F3-A38E-4752-85E8-3CA1CB5A35FF}.Debug|iPhoneSimulator.ActiveCfg = Debug|Any CPU
		{5CDA31F3-A38E-4752-85E8-3CA1CB5A35FF}.Debug|iPhoneSimulator.Build.0 = Debug|Any CPU
		{5CDA31F3-A38E-4752-85E8-3CA1CB5A35FF}.Debug|iPhoneSimulator.Deploy.0 = Debug|Any CPU
		{5CDA31F3-A38E-4752-85E8-3CA1CB5A35FF}.Debug|x64.ActiveCfg = Debug|x64
		{5CDA31F3-A38E-4752-85E8-3CA1CB5A35FF}.Debug|x64.Build.0 = Debug|x64
		{5CDA31F3-A38E-4752-85E8-3CA1CB5A35FF}.Debug|x64.Deploy.0 = Debug|x64
		{5CDA31F3-A38E-4752-85E8-3CA1CB5A35FF}.Debug|x86.ActiveCfg = Debug|x86
		{5CDA31F3-A38E-4752-85E8-3CA1CB5A35FF}.Debug|x86.Build.0 = Debug|x86
		{5CDA31F3-A38E-4752-85E8-3CA1CB5A35FF}.Debug|x86.Deploy.0 = Debug|x86
		{5CDA31F3-A38E-4752-85E8-3CA1CB5A35FF}.Release|Any CPU.ActiveCfg = Release|Any CPU
		{5CDA31F3-A38E-4752-85E8-3CA1CB5A35FF}.Release|Any CPU.Build.0 = Release|Any CPU
		{5CDA31F3-A38E-4752-85E8-3CA1CB5A35FF}.Release|Any CPU.Deploy.0 = Release|Any CPU
		{5CDA31F3-A38E-4752-85E8-3CA1CB5A35FF}.Release|ARM.ActiveCfg = Release|ARM
		{5CDA31F3-A38E-4752-85E8-3CA1CB5A35FF}.Release|ARM.Build.0 = Release|ARM
		{5CDA31F3-A38E-4752-85E8-3CA1CB5A35FF}.Release|ARM.Deploy.0 = Release|ARM
		{5CDA31F3-A38E-4752-85E8-3CA1CB5A35FF}.Release|iPhone.ActiveCfg = Release|Any CPU
		{5CDA31F3-A38E-4752-85E8-3CA1CB5A35FF}.Release|iPhone.Build.0 = Release|Any CPU
		{5CDA31F3-A38E-4752-85E8-3CA1CB5A35FF}.Release|iPhone.Deploy.0 = Release|Any CPU
		{5CDA31F3-A38E-4752-85E8-3CA1CB5A35FF}.Release|iPhoneSimulator.ActiveCfg = Release|Any CPU
		{5CDA31F3-A38E-4752-85E8-3CA1CB5A35FF}.Release|iPhoneSimulator.Build.0 = Release|Any CPU
		{5CDA31F3-A38E-4752-85E8-3CA1CB5A35FF}.Release|iPhoneSimulator.Deploy.0 = Release|Any CPU
		{5CDA31F3-A38E-4752-85E8-3CA1CB5A35FF}.Release|x64.ActiveCfg = Release|x64
		{5CDA31F3-A38E-4752-85E8-3CA1CB5A35FF}.Release|x64.Build.0 = Release|x64
		{5CDA31F3-A38E-4752-85E8-3CA1CB5A35FF}.Release|x64.Deploy.0 = Release|x64
		{5CDA31F3-A38E-4752-85E8-3CA1CB5A35FF}.Release|x86.ActiveCfg = Release|x86
		{5CDA31F3-A38E-4752-85E8-3CA1CB5A35FF}.Release|x86.Build.0 = Release|x86
		{5CDA31F3-A38E-4752-85E8-3CA1CB5A35FF}.Release|x86.Deploy.0 = Release|x86
		{2DF9D102-A919-468E-940E-E650F99F572F}.Ad-Hoc|Any CPU.ActiveCfg = Release|Any CPU
		{2DF9D102-A919-468E-940E-E650F99F572F}.Ad-Hoc|Any CPU.Build.0 = Release|Any CPU
		{2DF9D102-A919-468E-940E-E650F99F572F}.Ad-Hoc|ARM.ActiveCfg = Release|Any CPU
		{2DF9D102-A919-468E-940E-E650F99F572F}.Ad-Hoc|ARM.Build.0 = Release|Any CPU
		{2DF9D102-A919-468E-940E-E650F99F572F}.Ad-Hoc|iPhone.ActiveCfg = Release|Any CPU
		{2DF9D102-A919-468E-940E-E650F99F572F}.Ad-Hoc|iPhone.Build.0 = Release|Any CPU
		{2DF9D102-A919-468E-940E-E650F99F572F}.Ad-Hoc|iPhoneSimulator.ActiveCfg = Release|Any CPU
		{2DF9D102-A919-468E-940E-E650F99F572F}.Ad-Hoc|iPhoneSimulator.Build.0 = Release|Any CPU
		{2DF9D102-A919-468E-940E-E650F99F572F}.Ad-Hoc|x64.ActiveCfg = Release|Any CPU
		{2DF9D102-A919-468E-940E-E650F99F572F}.Ad-Hoc|x64.Build.0 = Release|Any CPU
		{2DF9D102-A919-468E-940E-E650F99F572F}.Ad-Hoc|x86.ActiveCfg = Release|Any CPU
		{2DF9D102-A919-468E-940E-E650F99F572F}.Ad-Hoc|x86.Build.0 = Release|Any CPU
		{2DF9D102-A919-468E-940E-E650F99F572F}.AppStore|Any CPU.ActiveCfg = Release|Any CPU
		{2DF9D102-A919-468E-940E-E650F99F572F}.AppStore|Any CPU.Build.0 = Release|Any CPU
		{2DF9D102-A919-468E-940E-E650F99F572F}.AppStore|ARM.ActiveCfg = Release|Any CPU
		{2DF9D102-A919-468E-940E-E650F99F572F}.AppStore|ARM.Build.0 = Release|Any CPU
		{2DF9D102-A919-468E-940E-E650F99F572F}.AppStore|iPhone.ActiveCfg = Release|Any CPU
		{2DF9D102-A919-468E-940E-E650F99F572F}.AppStore|iPhone.Build.0 = Release|Any CPU
		{2DF9D102-A919-468E-940E-E650F99F572F}.AppStore|iPhoneSimulator.ActiveCfg = Release|Any CPU
		{2DF9D102-A919-468E-940E-E650F99F572F}.AppStore|iPhoneSimulator.Build.0 = Release|Any CPU
		{2DF9D102-A919-468E-940E-E650F99F572F}.AppStore|x64.ActiveCfg = Release|Any CPU
		{2DF9D102-A919-468E-940E-E650F99F572F}.AppStore|x64.Build.0 = Release|Any CPU
		{2DF9D102-A919-468E-940E-E650F99F572F}.AppStore|x86.ActiveCfg = Release|Any CPU
		{2DF9D102-A919-468E-940E-E650F99F572F}.AppStore|x86.Build.0 = Release|Any CPU
		{2DF9D102-A919-468E-940E-E650F99F572F}.Debug|Any CPU.ActiveCfg = Debug|Any CPU
		{2DF9D102-A919-468E-940E-E650F99F572F}.Debug|Any CPU.Build.0 = Debug|Any CPU
		{2DF9D102-A919-468E-940E-E650F99F572F}.Debug|ARM.ActiveCfg = Debug|Any CPU
		{2DF9D102-A919-468E-940E-E650F99F572F}.Debug|ARM.Build.0 = Debug|Any CPU
		{2DF9D102-A919-468E-940E-E650F99F572F}.Debug|iPhone.ActiveCfg = Debug|Any CPU
		{2DF9D102-A919-468E-940E-E650F99F572F}.Debug|iPhone.Build.0 = Debug|Any CPU
		{2DF9D102-A919-468E-940E-E650F99F572F}.Debug|iPhoneSimulator.ActiveCfg = Debug|Any CPU
		{2DF9D102-A919-468E-940E-E650F99F572F}.Debug|iPhoneSimulator.Build.0 = Debug|Any CPU
		{2DF9D102-A919-468E-940E-E650F99F572F}.Debug|x64.ActiveCfg = Debug|Any CPU
		{2DF9D102-A919-468E-940E-E650F99F572F}.Debug|x64.Build.0 = Debug|Any CPU
		{2DF9D102-A919-468E-940E-E650F99F572F}.Debug|x86.ActiveCfg = Debug|Any CPU
		{2DF9D102-A919-468E-940E-E650F99F572F}.Debug|x86.Build.0 = Debug|Any CPU
		{2DF9D102-A919-468E-940E-E650F99F572F}.Release|Any CPU.ActiveCfg = Release|Any CPU
		{2DF9D102-A919-468E-940E-E650F99F572F}.Release|Any CPU.Build.0 = Release|Any CPU
		{2DF9D102-A919-468E-940E-E650F99F572F}.Release|ARM.ActiveCfg = Release|Any CPU
		{2DF9D102-A919-468E-940E-E650F99F572F}.Release|ARM.Build.0 = Release|Any CPU
		{2DF9D102-A919-468E-940E-E650F99F572F}.Release|iPhone.ActiveCfg = Release|Any CPU
		{2DF9D102-A919-468E-940E-E650F99F572F}.Release|iPhone.Build.0 = Release|Any CPU
		{2DF9D102-A919-468E-940E-E650F99F572F}.Release|iPhoneSimulator.ActiveCfg = Release|Any CPU
		{2DF9D102-A919-468E-940E-E650F99F572F}.Release|iPhoneSimulator.Build.0 = Release|Any CPU
		{2DF9D102-A919-468E-940E-E650F99F572F}.Release|x64.ActiveCfg = Release|Any CPU
		{2DF9D102-A919-468E-940E-E650F99F572F}.Release|x64.Build.0 = Release|Any CPU
		{2DF9D102-A919-468E-940E-E650F99F572F}.Release|x86.ActiveCfg = Release|Any CPU
		{2DF9D102-A919-468E-940E-E650F99F572F}.Release|x86.Build.0 = Release|Any CPU
	EndGlobalSection
	GlobalSection(SolutionProperties) = preSolution
		HideSolutionNode = FALSE
	EndGlobalSection
EndGlobal
